Microsoft Visual Studio Solution File, Format Version 11.00
# Visual Studio 2008

Project("{5B9EE087-B5D1-6946-1879-E6E4246BCB14}") = "zero_hope", "Assembly-CSharp-firstpass.csproj", "{636685C4-6D85-22AE-2136-F3A203F7A7D9}"
EndProject
Project("{5B9EE087-B5D1-6946-1879-E6E4246BCB14}") = "zero_hope", "Assembly-CSharp-Editor.csproj", "{0FCCA3DB-5F75-E07C-07AC-222C3F592302}"
EndProject
Global
	GlobalSection(SolutionConfigurationPlatforms) = preSolution
		Debug|Any CPU = Debug|Any CPU
		Release|Any CPU = Release|Any CPU
	EndGlobalSection
	GlobalSection(ProjectConfigurationPlatforms) = postSolution
		{636685C4-6D85-22AE-2136-F3A203F7A7D9}.Debug|Any CPU.ActiveCfg = Debug|Any CPU
		{636685C4-6D85-22AE-2136-F3A203F7A7D9}.Debug|Any CPU.Build.0 = Debug|Any CPU
		{636685C4-6D85-22AE-2136-F3A203F7A7D9}.Release|Any CPU.ActiveCfg = Release|Any CPU
		{636685C4-6D85-22AE-2136-F3A203F7A7D9}.Release|Any CPU.Build.0 = Release|Any CPU
		{0FCCA3DB-5F75-E07C-07AC-222C3F592302}.Debug|Any CPU.ActiveCfg = Debug|Any CPU
		{0FCCA3DB-5F75-E07C-07AC-222C3F592302}.Debug|Any CPU.Build.0 = Debug|Any CPU
		{0FCCA3DB-5F75-E07C-07AC-222C3F592302}.Release|Any CPU.ActiveCfg = Release|Any CPU
		{0FCCA3DB-5F75-E07C-07AC-222C3F592302}.Release|Any CPU.Build.0 = Release|Any CPU
	EndGlobalSection
	GlobalSection(SolutionProperties) = preSolution
		HideSolutionNode = FALSE
	EndGlobalSection
	GlobalSection(MonoDevelopProperties) = preSolution
		StartupItem = Assembly-CSharp.csproj
	EndGlobalSection
EndGlobal
